// !$*UTF8*$!
{
	archiveVersion = 1;
	classes = {
	};
	objectVersion = 48;
	objects = {

/* Begin PBXBuildFile section */
		A49E6791774DCD7C0B9FF4E3 /* Pods_sparechangeTests.framework in Frameworks */ = {isa = PBXBuildFile; fileRef = 97CD6B53234261B294F194F8 /* Pods_sparechangeTests.framework */; };
		BD1BF4074C951C688489E859 /* Pods_sparechangeUITests.framework in Frameworks */ = {isa = PBXBuildFile; fileRef = A504C37BDA34249C93EF0699 /* Pods_sparechangeUITests.framework */; };
		C41C7A72DBA70CD9664D9176 /* Pods_sparechange.framework in Frameworks */ = {isa = PBXBuildFile; fileRef = 0EF6C2D9FF54DD50AD3F140E /* Pods_sparechange.framework */; };
		F20D4CE21FD327DC000644A9 /* CharitiesTableViewController.swift in Sources */ = {isa = PBXBuildFile; fileRef = F20D4CE11FD327DC000644A9 /* CharitiesTableViewController.swift */; };
		F20D4CE41FD32987000644A9 /* Charity.swift in Sources */ = {isa = PBXBuildFile; fileRef = F20D4CE31FD32986000644A9 /* Charity.swift */; };
		F20D4CE81FD32B41000644A9 /* Post.swift in Sources */ = {isa = PBXBuildFile; fileRef = F20D4CE71FD32B41000644A9 /* Post.swift */; };
		F20D4CEA1FD32B4C000644A9 /* PostHeaderCell.swift in Sources */ = {isa = PBXBuildFile; fileRef = F20D4CE91FD32B4C000644A9 /* PostHeaderCell.swift */; };
		F20D4CEC1FD32B88000644A9 /* PostCell.swift in Sources */ = {isa = PBXBuildFile; fileRef = F20D4CEB1FD32B88000644A9 /* PostCell.swift */; };
		F26531571FD4D84B00834A88 /* DonationsViewController.swift in Sources */ = {isa = PBXBuildFile; fileRef = F26531561FD4D84B00834A88 /* DonationsViewController.swift */; };
		F27E85461FCF8F380017A74F /* RegisterNewViewController.swift in Sources */ = {isa = PBXBuildFile; fileRef = F27E85451FCF8F380017A74F /* RegisterNewViewController.swift */; };
		F2CE9F7B1FC250DB0078B88F /* AppDelegate.swift in Sources */ = {isa = PBXBuildFile; fileRef = F2CE9F7A1FC250DB0078B88F /* AppDelegate.swift */; };
		F2CE9F7D1FC250DB0078B88F /* ViewController.swift in Sources */ = {isa = PBXBuildFile; fileRef = F2CE9F7C1FC250DB0078B88F /* ViewController.swift */; };
		F2CE9F901FC250DB0078B88F /* sparechangeTests.swift in Sources */ = {isa = PBXBuildFile; fileRef = F2CE9F8F1FC250DB0078B88F /* sparechangeTests.swift */; };
		F2CE9F9B1FC250DB0078B88F /* sparechangeUITests.swift in Sources */ = {isa = PBXBuildFile; fileRef = F2CE9F9A1FC250DB0078B88F /* sparechangeUITests.swift */; };
		F2CE9FA91FC251970078B88F /* GoogleService-Info.plist in Resources */ = {isa = PBXBuildFile; fileRef = F2CE9FA81FC251970078B88F /* GoogleService-Info.plist */; };
		F2CE9FAD1FC251D30078B88F /* Assets.xcassets in Resources */ = {isa = PBXBuildFile; fileRef = F2CE9FAC1FC251D00078B88F /* Assets.xcassets */; };
		F2CE9FB81FC256FF0078B88F /* UIHelpers.swift in Sources */ = {isa = PBXBuildFile; fileRef = F2CE9FB71FC256FE0078B88F /* UIHelpers.swift */; };
		F2CE9FBA1FC25FBB0078B88F /* Main.storyboard in Resources */ = {isa = PBXBuildFile; fileRef = F2CE9FB91FC25FBB0078B88F /* Main.storyboard */; };
		F2DD4B661FD47D9C00B17ED1 /* ProfileViewController.swift in Sources */ = {isa = PBXBuildFile; fileRef = F2DD4B651FD47D9B00B17ED1 /* ProfileViewController.swift */; };
		F2F4551F1FCF4482004BA33D /* LoginViewController.swift in Sources */ = {isa = PBXBuildFile; fileRef = F2F4551E1FCF4482004BA33D /* LoginViewController.swift */; };
/* End PBXBuildFile section */

/* Begin PBXContainerItemProxy section */
		F2CE9F8C1FC250DB0078B88F /* PBXContainerItemProxy */ = {
			isa = PBXContainerItemProxy;
			containerPortal = F2CE9F6F1FC250DB0078B88F /* Project object */;
			proxyType = 1;
			remoteGlobalIDString = F2CE9F761FC250DB0078B88F;
			remoteInfo = sparechange;
		};
		F2CE9F971FC250DB0078B88F /* PBXContainerItemProxy */ = {
			isa = PBXContainerItemProxy;
			containerPortal = F2CE9F6F1FC250DB0078B88F /* Project object */;
			proxyType = 1;
			remoteGlobalIDString = F2CE9F761FC250DB0078B88F;
			remoteInfo = sparechange;
		};
/* End PBXContainerItemProxy section */

/* Begin PBXFileReference section */
		0EF6C2D9FF54DD50AD3F140E /* Pods_sparechange.framework */ = {isa = PBXFileReference; explicitFileType = wrapper.framework; includeInIndex = 0; path = Pods_sparechange.framework; sourceTree = BUILT_PRODUCTS_DIR; };
		428C194B8C5C9AFF3B42D5F8 /* Pods-sparechange.debug.xcconfig */ = {isa = PBXFileReference; includeInIndex = 1; lastKnownFileType = text.xcconfig; name = "Pods-sparechange.debug.xcconfig"; path = "Pods/Target Support Files/Pods-sparechange/Pods-sparechange.debug.xcconfig"; sourceTree = "<group>"; };
		451FE24B2EE35BA2A90F8513 /* Pods-sparechangeUITests.debug.xcconfig */ = {isa = PBXFileReference; includeInIndex = 1; lastKnownFileType = text.xcconfig; name = "Pods-sparechangeUITests.debug.xcconfig"; path = "Pods/Target Support Files/Pods-sparechangeUITests/Pods-sparechangeUITests.debug.xcconfig"; sourceTree = "<group>"; };
		7A08EE34ACDDD3B0C533BE34 /* Pods-sparechangeUITests.release.xcconfig */ = {isa = PBXFileReference; includeInIndex = 1; lastKnownFileType = text.xcconfig; name = "Pods-sparechangeUITests.release.xcconfig"; path = "Pods/Target Support Files/Pods-sparechangeUITests/Pods-sparechangeUITests.release.xcconfig"; sourceTree = "<group>"; };
		97CD6B53234261B294F194F8 /* Pods_sparechangeTests.framework */ = {isa = PBXFileReference; explicitFileType = wrapper.framework; includeInIndex = 0; path = Pods_sparechangeTests.framework; sourceTree = BUILT_PRODUCTS_DIR; };
		9A8F22CA13073CEE7E704245 /* Pods-sparechange.release.xcconfig */ = {isa = PBXFileReference; includeInIndex = 1; lastKnownFileType = text.xcconfig; name = "Pods-sparechange.release.xcconfig"; path = "Pods/Target Support Files/Pods-sparechange/Pods-sparechange.release.xcconfig"; sourceTree = "<group>"; };
		A504C37BDA34249C93EF0699 /* Pods_sparechangeUITests.framework */ = {isa = PBXFileReference; explicitFileType = wrapper.framework; includeInIndex = 0; path = Pods_sparechangeUITests.framework; sourceTree = BUILT_PRODUCTS_DIR; };
		B09319209AD43899223BDC93 /* Pods-sparechangeTests.debug.xcconfig */ = {isa = PBXFileReference; includeInIndex = 1; lastKnownFileType = text.xcconfig; name = "Pods-sparechangeTests.debug.xcconfig"; path = "Pods/Target Support Files/Pods-sparechangeTests/Pods-sparechangeTests.debug.xcconfig"; sourceTree = "<group>"; };
		D27F01A125432DF20834A8DA /* Pods-sparechangeTests.release.xcconfig */ = {isa = PBXFileReference; includeInIndex = 1; lastKnownFileType = text.xcconfig; name = "Pods-sparechangeTests.release.xcconfig"; path = "Pods/Target Support Files/Pods-sparechangeTests/Pods-sparechangeTests.release.xcconfig"; sourceTree = "<group>"; };
		F20D4CE11FD327DC000644A9 /* CharitiesTableViewController.swift */ = {isa = PBXFileReference; fileEncoding = 4; lastKnownFileType = sourcecode.swift; path = CharitiesTableViewController.swift; sourceTree = "<group>"; };
		F20D4CE31FD32986000644A9 /* Charity.swift */ = {isa = PBXFileReference; fileEncoding = 4; lastKnownFileType = sourcecode.swift; path = Charity.swift; sourceTree = "<group>"; };
		F20D4CE71FD32B41000644A9 /* Post.swift */ = {isa = PBXFileReference; fileEncoding = 4; lastKnownFileType = sourcecode.swift; path = Post.swift; sourceTree = "<group>"; };
		F20D4CE91FD32B4C000644A9 /* PostHeaderCell.swift */ = {isa = PBXFileReference; fileEncoding = 4; lastKnownFileType = sourcecode.swift; path = PostHeaderCell.swift; sourceTree = "<group>"; };
		F20D4CEB1FD32B88000644A9 /* PostCell.swift */ = {isa = PBXFileReference; fileEncoding = 4; lastKnownFileType = sourcecode.swift; path = PostCell.swift; sourceTree = "<group>"; };
		F26531561FD4D84B00834A88 /* DonationsViewController.swift */ = {isa = PBXFileReference; lastKnownFileType = sourcecode.swift; path = DonationsViewController.swift; sourceTree = "<group>"; };
		F27E85451FCF8F380017A74F /* RegisterNewViewController.swift */ = {isa = PBXFileReference; lastKnownFileType = sourcecode.swift; path = RegisterNewViewController.swift; sourceTree = "<group>"; };
		F2CE9F771FC250DB0078B88F /* sparechange.app */ = {isa = PBXFileReference; explicitFileType = wrapper.application; includeInIndex = 0; path = sparechange.app; sourceTree = BUILT_PRODUCTS_DIR; };
		F2CE9F7A1FC250DB0078B88F /* AppDelegate.swift */ = {isa = PBXFileReference; lastKnownFileType = sourcecode.swift; path = AppDelegate.swift; sourceTree = "<group>"; };
		F2CE9F7C1FC250DB0078B88F /* ViewController.swift */ = {isa = PBXFileReference; lastKnownFileType = sourcecode.swift; path = ViewController.swift; sourceTree = "<group>"; };
		F2CE9F861FC250DB0078B88F /* Info.plist */ = {isa = PBXFileReference; lastKnownFileType = text.plist.xml; path = Info.plist; sourceTree = "<group>"; };
		F2CE9F8B1FC250DB0078B88F /* sparechangeTests.xctest */ = {isa = PBXFileReference; explicitFileType = wrapper.cfbundle; includeInIndex = 0; path = sparechangeTests.xctest; sourceTree = BUILT_PRODUCTS_DIR; };
		F2CE9F8F1FC250DB0078B88F /* sparechangeTests.swift */ = {isa = PBXFileReference; lastKnownFileType = sourcecode.swift; path = sparechangeTests.swift; sourceTree = "<group>"; };
		F2CE9F911FC250DB0078B88F /* Info.plist */ = {isa = PBXFileReference; lastKnownFileType = text.plist.xml; path = Info.plist; sourceTree = "<group>"; };
		F2CE9F961FC250DB0078B88F /* sparechangeUITests.xctest */ = {isa = PBXFileReference; explicitFileType = wrapper.cfbundle; includeInIndex = 0; path = sparechangeUITests.xctest; sourceTree = BUILT_PRODUCTS_DIR; };
		F2CE9F9A1FC250DB0078B88F /* sparechangeUITests.swift */ = {isa = PBXFileReference; lastKnownFileType = sourcecode.swift; path = sparechangeUITests.swift; sourceTree = "<group>"; };
		F2CE9F9C1FC250DB0078B88F /* Info.plist */ = {isa = PBXFileReference; lastKnownFileType = text.plist.xml; path = Info.plist; sourceTree = "<group>"; };
		F2CE9FA81FC251970078B88F /* GoogleService-Info.plist */ = {isa = PBXFileReference; fileEncoding = 4; lastKnownFileType = text.plist.xml; path = "GoogleService-Info.plist"; sourceTree = "<group>"; };
		F2CE9FAC1FC251D00078B88F /* Assets.xcassets */ = {isa = PBXFileReference; lastKnownFileType = folder.assetcatalog; path = Assets.xcassets; sourceTree = "<group>"; };
		F2CE9FB71FC256FE0078B88F /* UIHelpers.swift */ = {isa = PBXFileReference; lastKnownFileType = sourcecode.swift; path = UIHelpers.swift; sourceTree = "<group>"; };
		F2CE9FB91FC25FBB0078B88F /* Main.storyboard */ = {isa = PBXFileReference; lastKnownFileType = file.storyboard; path = Main.storyboard; sourceTree = "<group>"; };
		F2DD4B651FD47D9B00B17ED1 /* ProfileViewController.swift */ = {isa = PBXFileReference; lastKnownFileType = sourcecode.swift; path = ProfileViewController.swift; sourceTree = "<group>"; };
		F2F4551E1FCF4482004BA33D /* LoginViewController.swift */ = {isa = PBXFileReference; lastKnownFileType = sourcecode.swift; path = LoginViewController.swift; sourceTree = "<group>"; };
/* End PBXFileReference section */

/* Begin PBXFrameworksBuildPhase section */
		F2CE9F741FC250DB0078B88F /* Frameworks */ = {
			isa = PBXFrameworksBuildPhase;
			buildActionMask = 2147483647;
			files = (
				C41C7A72DBA70CD9664D9176 /* Pods_sparechange.framework in Frameworks */,
			);
			runOnlyForDeploymentPostprocessing = 0;
		};
		F2CE9F881FC250DB0078B88F /* Frameworks */ = {
			isa = PBXFrameworksBuildPhase;
			buildActionMask = 2147483647;
			files = (
				A49E6791774DCD7C0B9FF4E3 /* Pods_sparechangeTests.framework in Frameworks */,
			);
			runOnlyForDeploymentPostprocessing = 0;
		};
		F2CE9F931FC250DB0078B88F /* Frameworks */ = {
			isa = PBXFrameworksBuildPhase;
			buildActionMask = 2147483647;
			files = (
				BD1BF4074C951C688489E859 /* Pods_sparechangeUITests.framework in Frameworks */,
			);
			runOnlyForDeploymentPostprocessing = 0;
		};
/* End PBXFrameworksBuildPhase section */

/* Begin PBXGroup section */
		1647C56933A8A23C7B60A02A /* Pods */ = {
			isa = PBXGroup;
			children = (
				428C194B8C5C9AFF3B42D5F8 /* Pods-sparechange.debug.xcconfig */,
				9A8F22CA13073CEE7E704245 /* Pods-sparechange.release.xcconfig */,
				B09319209AD43899223BDC93 /* Pods-sparechangeTests.debug.xcconfig */,
				D27F01A125432DF20834A8DA /* Pods-sparechangeTests.release.xcconfig */,
				451FE24B2EE35BA2A90F8513 /* Pods-sparechangeUITests.debug.xcconfig */,
				7A08EE34ACDDD3B0C533BE34 /* Pods-sparechangeUITests.release.xcconfig */,
			);
			name = Pods;
			sourceTree = "<group>";
		};
		42106361D5A7824F7FBA02F2 /* Frameworks */ = {
			isa = PBXGroup;
			children = (
				0EF6C2D9FF54DD50AD3F140E /* Pods_sparechange.framework */,
				97CD6B53234261B294F194F8 /* Pods_sparechangeTests.framework */,
				A504C37BDA34249C93EF0699 /* Pods_sparechangeUITests.framework */,
			);
			name = Frameworks;
			sourceTree = "<group>";
		};
		F239559E1FD3B6FB00268F82 /* ViewControllers */ = {
			isa = PBXGroup;
			children = (
				F2F4551E1FCF4482004BA33D /* LoginViewController.swift */,
				F27E85451FCF8F380017A74F /* RegisterNewViewController.swift */,
				F20D4CE11FD327DC000644A9 /* CharitiesTableViewController.swift */,
				F2CE9F7C1FC250DB0078B88F /* ViewController.swift */,
				F2DD4B651FD47D9B00B17ED1 /* ProfileViewController.swift */,
				F26531561FD4D84B00834A88 /* DonationsViewController.swift */,
			);
			path = ViewControllers;
			sourceTree = "<group>";
		};
		F239559F1FD3B71300268F82 /* Classes */ = {
			isa = PBXGroup;
			children = (
				F20D4CE71FD32B41000644A9 /* Post.swift */,
				F20D4CE31FD32986000644A9 /* Charity.swift */,
				F20D4CEB1FD32B88000644A9 /* PostCell.swift */,
				F20D4CE91FD32B4C000644A9 /* PostHeaderCell.swift */,
				F2CE9FB71FC256FE0078B88F /* UIHelpers.swift */,
				F2CE9F7A1FC250DB0078B88F /* AppDelegate.swift */,
			);
			path = Classes;
			sourceTree = "<group>";
		};
		F2CE9F6E1FC250DB0078B88F = {
			isa = PBXGroup;
			children = (
				F2CE9F791FC250DB0078B88F /* sparechange */,
				F2CE9F8E1FC250DB0078B88F /* sparechangeTests */,
				F2CE9F991FC250DB0078B88F /* sparechangeUITests */,
				F2CE9F781FC250DB0078B88F /* Products */,
				1647C56933A8A23C7B60A02A /* Pods */,
				42106361D5A7824F7FBA02F2 /* Frameworks */,
			);
			sourceTree = "<group>";
		};
		F2CE9F781FC250DB0078B88F /* Products */ = {
			isa = PBXGroup;
			children = (
				F2CE9F771FC250DB0078B88F /* sparechange.app */,
				F2CE9F8B1FC250DB0078B88F /* sparechangeTests.xctest */,
				F2CE9F961FC250DB0078B88F /* sparechangeUITests.xctest */,
			);
			name = Products;
			sourceTree = "<group>";
		};
		F2CE9F791FC250DB0078B88F /* sparechange */ = {
			isa = PBXGroup;
			children = (
				F239559E1FD3B6FB00268F82 /* ViewControllers */,
				F239559F1FD3B71300268F82 /* Classes */,
				F2CE9FB91FC25FBB0078B88F /* Main.storyboard */,
				F2CE9FAC1FC251D00078B88F /* Assets.xcassets */,
				F2CE9FA81FC251970078B88F /* GoogleService-Info.plist */,
				F2CE9F861FC250DB0078B88F /* Info.plist */,
			);
			path = sparechange;
			sourceTree = "<group>";
		};
		F2CE9F8E1FC250DB0078B88F /* sparechangeTests */ = {
			isa = PBXGroup;
			children = (
				F2CE9F8F1FC250DB0078B88F /* sparechangeTests.swift */,
				F2CE9F911FC250DB0078B88F /* Info.plist */,
			);
			path = sparechangeTests;
			sourceTree = "<group>";
		};
		F2CE9F991FC250DB0078B88F /* sparechangeUITests */ = {
			isa = PBXGroup;
			children = (
				F2CE9F9A1FC250DB0078B88F /* sparechangeUITests.swift */,
				F2CE9F9C1FC250DB0078B88F /* Info.plist */,
			);
			path = sparechangeUITests;
			sourceTree = "<group>";
		};
/* End PBXGroup section */

/* Begin PBXNativeTarget section */
		F2CE9F761FC250DB0078B88F /* sparechange */ = {
			isa = PBXNativeTarget;
			buildConfigurationList = F2CE9F9F1FC250DB0078B88F /* Build configuration list for PBXNativeTarget "sparechange" */;
			buildPhases = (
				DA6BA244A742F80F8277C489 /* [CP] Check Pods Manifest.lock */,
				F2CE9F731FC250DB0078B88F /* Sources */,
				F2CE9F741FC250DB0078B88F /* Frameworks */,
				F2CE9F751FC250DB0078B88F /* Resources */,
				A6951F97D4D55DFB5F89AE04 /* [CP] Embed Pods Frameworks */,
				56FF37A84E1187F2F58136E5 /* [CP] Copy Pods Resources */,
			);
			buildRules = (
			);
			dependencies = (
			);
			name = sparechange;
			productName = sparechange;
			productReference = F2CE9F771FC250DB0078B88F /* sparechange.app */;
			productType = "com.apple.product-type.application";
		};
		F2CE9F8A1FC250DB0078B88F /* sparechangeTests */ = {
			isa = PBXNativeTarget;
			buildConfigurationList = F2CE9FA21FC250DB0078B88F /* Build configuration list for PBXNativeTarget "sparechangeTests" */;
			buildPhases = (
				BC8F515D9DB43F02A5C682BC /* [CP] Check Pods Manifest.lock */,
				F2CE9F871FC250DB0078B88F /* Sources */,
				F2CE9F881FC250DB0078B88F /* Frameworks */,
				F2CE9F891FC250DB0078B88F /* Resources */,
				E3A20FCFDC37047EC01FED66 /* [CP] Embed Pods Frameworks */,
				A34368CFCE1F4A84D1349382 /* [CP] Copy Pods Resources */,
			);
			buildRules = (
			);
			dependencies = (
				F2CE9F8D1FC250DB0078B88F /* PBXTargetDependency */,
			);
			name = sparechangeTests;
			productName = sparechangeTests;
			productReference = F2CE9F8B1FC250DB0078B88F /* sparechangeTests.xctest */;
			productType = "com.apple.product-type.bundle.unit-test";
		};
		F2CE9F951FC250DB0078B88F /* sparechangeUITests */ = {
			isa = PBXNativeTarget;
			buildConfigurationList = F2CE9FA51FC250DB0078B88F /* Build configuration list for PBXNativeTarget "sparechangeUITests" */;
			buildPhases = (
				D8BC7950BD0FA07AE5411F93 /* [CP] Check Pods Manifest.lock */,
				F2CE9F921FC250DB0078B88F /* Sources */,
				F2CE9F931FC250DB0078B88F /* Frameworks */,
				F2CE9F941FC250DB0078B88F /* Resources */,
				ED7778396A6CF383208553F2 /* [CP] Embed Pods Frameworks */,
				5C33C7684823F4A19D41A059 /* [CP] Copy Pods Resources */,
			);
			buildRules = (
			);
			dependencies = (
				F2CE9F981FC250DB0078B88F /* PBXTargetDependency */,
			);
			name = sparechangeUITests;
			productName = sparechangeUITests;
			productReference = F2CE9F961FC250DB0078B88F /* sparechangeUITests.xctest */;
			productType = "com.apple.product-type.bundle.ui-testing";
		};
/* End PBXNativeTarget section */

/* Begin PBXProject section */
		F2CE9F6F1FC250DB0078B88F /* Project object */ = {
			isa = PBXProject;
			attributes = {
				LastSwiftUpdateCheck = 0910;
				LastUpgradeCheck = 0910;
				ORGANIZATIONNAME = charangeles;
				TargetAttributes = {
					F2CE9F761FC250DB0078B88F = {
						CreatedOnToolsVersion = 9.1;
						LastSwiftMigration = 0910;
						ProvisioningStyle = Automatic;
					};
					F2CE9F8A1FC250DB0078B88F = {
						CreatedOnToolsVersion = 9.1;
						ProvisioningStyle = Automatic;
						TestTargetID = F2CE9F761FC250DB0078B88F;
					};
					F2CE9F951FC250DB0078B88F = {
						CreatedOnToolsVersion = 9.1;
						ProvisioningStyle = Automatic;
						TestTargetID = F2CE9F761FC250DB0078B88F;
					};
				};
			};
			buildConfigurationList = F2CE9F721FC250DB0078B88F /* Build configuration list for PBXProject "sparechange" */;
			compatibilityVersion = "Xcode 8.0";
			developmentRegion = en;
			hasScannedForEncodings = 0;
			knownRegions = (
				en,
				Base,
			);
			mainGroup = F2CE9F6E1FC250DB0078B88F;
			productRefGroup = F2CE9F781FC250DB0078B88F /* Products */;
			projectDirPath = "";
			projectRoot = "";
			targets = (
				F2CE9F761FC250DB0078B88F /* sparechange */,
				F2CE9F8A1FC250DB0078B88F /* sparechangeTests */,
				F2CE9F951FC250DB0078B88F /* sparechangeUITests */,
			);
		};
/* End PBXProject section */

/* Begin PBXResourcesBuildPhase section */
		F2CE9F751FC250DB0078B88F /* Resources */ = {
			isa = PBXResourcesBuildPhase;
			buildActionMask = 2147483647;
			files = (
				F2CE9FBA1FC25FBB0078B88F /* Main.storyboard in Resources */,
				F2CE9FA91FC251970078B88F /* GoogleService-Info.plist in Resources */,
				F2CE9FAD1FC251D30078B88F /* Assets.xcassets in Resources */,
			);
			runOnlyForDeploymentPostprocessing = 0;
		};
		F2CE9F891FC250DB0078B88F /* Resources */ = {
			isa = PBXResourcesBuildPhase;
			buildActionMask = 2147483647;
			files = (
			);
			runOnlyForDeploymentPostprocessing = 0;
		};
		F2CE9F941FC250DB0078B88F /* Resources */ = {
			isa = PBXResourcesBuildPhase;
			buildActionMask = 2147483647;
			files = (
			);
			runOnlyForDeploymentPostprocessing = 0;
		};
/* End PBXResourcesBuildPhase section */

/* Begin PBXShellScriptBuildPhase section */
		56FF37A84E1187F2F58136E5 /* [CP] Copy Pods Resources */ = {
			isa = PBXShellScriptBuildPhase;
			buildActionMask = 2147483647;
			files = (
			);
			inputPaths = (
				"${SRCROOT}/Pods/Target Support Files/Pods-sparechange/Pods-sparechange-resources.sh",
				"$PODS_CONFIGURATION_BUILD_DIR/Braintree/Braintree-3D-Secure-Localization.bundle",
				"$PODS_CONFIGURATION_BUILD_DIR/BraintreeDropIn/Braintree-UIKit-Localization.bundle",
			);
			name = "[CP] Copy Pods Resources";
			outputPaths = (
				"${TARGET_BUILD_DIR}/${UNLOCALIZED_RESOURCES_FOLDER_PATH}",
			);
			runOnlyForDeploymentPostprocessing = 0;
			shellPath = /bin/sh;
			shellScript = "\"${SRCROOT}/Pods/Target Support Files/Pods-sparechange/Pods-sparechange-resources.sh\"\n";
			showEnvVarsInLog = 0;
		};
		5C33C7684823F4A19D41A059 /* [CP] Copy Pods Resources */ = {
			isa = PBXShellScriptBuildPhase;
			buildActionMask = 2147483647;
			files = (
			);
			inputPaths = (
			);
			name = "[CP] Copy Pods Resources";
			outputPaths = (
			);
			runOnlyForDeploymentPostprocessing = 0;
			shellPath = /bin/sh;
			shellScript = "\"${SRCROOT}/Pods/Target Support Files/Pods-sparechangeUITests/Pods-sparechangeUITests-resources.sh\"\n";
			showEnvVarsInLog = 0;
		};
		A34368CFCE1F4A84D1349382 /* [CP] Copy Pods Resources */ = {
			isa = PBXShellScriptBuildPhase;
			buildActionMask = 2147483647;
			files = (
			);
			inputPaths = (
			);
			name = "[CP] Copy Pods Resources";
			outputPaths = (
			);
			runOnlyForDeploymentPostprocessing = 0;
			shellPath = /bin/sh;
			shellScript = "\"${SRCROOT}/Pods/Target Support Files/Pods-sparechangeTests/Pods-sparechangeTests-resources.sh\"\n";
			showEnvVarsInLog = 0;
		};
		A6951F97D4D55DFB5F89AE04 /* [CP] Embed Pods Frameworks */ = {
			isa = PBXShellScriptBuildPhase;
			buildActionMask = 2147483647;
			files = (
			);
			inputPaths = (
				"${SRCROOT}/Pods/Target Support Files/Pods-sparechange/Pods-sparechange-frameworks.sh",
				"${BUILT_PRODUCTS_DIR}/Braintree/Braintree.framework",
				"${BUILT_PRODUCTS_DIR}/BraintreeDropIn/BraintreeDropIn.framework",
				"${BUILT_PRODUCTS_DIR}/GTMSessionFetcher/GTMSessionFetcher.framework",
				"${BUILT_PRODUCTS_DIR}/GoogleToolboxForMac/GoogleToolboxForMac.framework",
				"${BUILT_PRODUCTS_DIR}/leveldb-library/leveldb.framework",
				"${BUILT_PRODUCTS_DIR}/nanopb/nanopb.framework",
			);
			name = "[CP] Embed Pods Frameworks";
			outputPaths = (
				"${TARGET_BUILD_DIR}/${FRAMEWORKS_FOLDER_PATH}/Braintree.framework",
				"${TARGET_BUILD_DIR}/${FRAMEWORKS_FOLDER_PATH}/BraintreeDropIn.framework",
				"${TARGET_BUILD_DIR}/${FRAMEWORKS_FOLDER_PATH}/GTMSessionFetcher.framework",
				"${TARGET_BUILD_DIR}/${FRAMEWORKS_FOLDER_PATH}/GoogleToolboxForMac.framework",
				"${TARGET_BUILD_DIR}/${FRAMEWORKS_FOLDER_PATH}/leveldb.framework",
				"${TARGET_BUILD_DIR}/${FRAMEWORKS_FOLDER_PATH}/nanopb.framework",
			);
			runOnlyForDeploymentPostprocessing = 0;
			shellPath = /bin/sh;
			shellScript = "\"${SRCROOT}/Pods/Target Support Files/Pods-sparechange/Pods-sparechange-frameworks.sh\"\n";
			showEnvVarsInLog = 0;
		};
		BC8F515D9DB43F02A5C682BC /* [CP] Check Pods Manifest.lock */ = {
			isa = PBXShellScriptBuildPhase;
			buildActionMask = 2147483647;
			files = (
			);
			inputPaths = (
				"${PODS_PODFILE_DIR_PATH}/Podfile.lock",
				"${PODS_ROOT}/Manifest.lock",
			);
			name = "[CP] Check Pods Manifest.lock";
			outputPaths = (
				"$(DERIVED_FILE_DIR)/Pods-sparechangeTests-checkManifestLockResult.txt",
			);
			runOnlyForDeploymentPostprocessing = 0;
			shellPath = /bin/sh;
			shellScript = "diff \"${PODS_PODFILE_DIR_PATH}/Podfile.lock\" \"${PODS_ROOT}/Manifest.lock\" > /dev/null\nif [ $? != 0 ] ; then\n    # print error to STDERR\n    echo \"error: The sandbox is not in sync with the Podfile.lock. Run 'pod install' or update your CocoaPods installation.\" >&2\n    exit 1\nfi\n# This output is used by Xcode 'outputs' to avoid re-running this script phase.\necho \"SUCCESS\" > \"${SCRIPT_OUTPUT_FILE_0}\"\n";
			showEnvVarsInLog = 0;
		};
		D8BC7950BD0FA07AE5411F93 /* [CP] Check Pods Manifest.lock */ = {
			isa = PBXShellScriptBuildPhase;
			buildActionMask = 2147483647;
			files = (
			);
			inputPaths = (
				"${PODS_PODFILE_DIR_PATH}/Podfile.lock",
				"${PODS_ROOT}/Manifest.lock",
			);
			name = "[CP] Check Pods Manifest.lock";
			outputPaths = (
				"$(DERIVED_FILE_DIR)/Pods-sparechangeUITests-checkManifestLockResult.txt",
			);
			runOnlyForDeploymentPostprocessing = 0;
			shellPath = /bin/sh;
			shellScript = "diff \"${PODS_PODFILE_DIR_PATH}/Podfile.lock\" \"${PODS_ROOT}/Manifest.lock\" > /dev/null\nif [ $? != 0 ] ; then\n    # print error to STDERR\n    echo \"error: The sandbox is not in sync with the Podfile.lock. Run 'pod install' or update your CocoaPods installation.\" >&2\n    exit 1\nfi\n# This output is used by Xcode 'outputs' to avoid re-running this script phase.\necho \"SUCCESS\" > \"${SCRIPT_OUTPUT_FILE_0}\"\n";
			showEnvVarsInLog = 0;
		};
		DA6BA244A742F80F8277C489 /* [CP] Check Pods Manifest.lock */ = {
			isa = PBXShellScriptBuildPhase;
			buildActionMask = 2147483647;
			files = (
			);
			inputPaths = (
				"${PODS_PODFILE_DIR_PATH}/Podfile.lock",
				"${PODS_ROOT}/Manifest.lock",
			);
			name = "[CP] Check Pods Manifest.lock";
			outputPaths = (
				"$(DERIVED_FILE_DIR)/Pods-sparechange-checkManifestLockResult.txt",
			);
			runOnlyForDeploymentPostprocessing = 0;
			shellPath = /bin/sh;
			shellScript = "diff \"${PODS_PODFILE_DIR_PATH}/Podfile.lock\" \"${PODS_ROOT}/Manifest.lock\" > /dev/null\nif [ $? != 0 ] ; then\n    # print error to STDERR\n    echo \"error: The sandbox is not in sync with the Podfile.lock. Run 'pod install' or update your CocoaPods installation.\" >&2\n    exit 1\nfi\n# This output is used by Xcode 'outputs' to avoid re-running this script phase.\necho \"SUCCESS\" > \"${SCRIPT_OUTPUT_FILE_0}\"\n";
			showEnvVarsInLog = 0;
		};
		E3A20FCFDC37047EC01FED66 /* [CP] Embed Pods Frameworks */ = {
			isa = PBXShellScriptBuildPhase;
			buildActionMask = 2147483647;
			files = (
			);
			inputPaths = (
			);
			name = "[CP] Embed Pods Frameworks";
			outputPaths = (
			);
			runOnlyForDeploymentPostprocessing = 0;
			shellPath = /bin/sh;
			shellScript = "\"${SRCROOT}/Pods/Target Support Files/Pods-sparechangeTests/Pods-sparechangeTests-frameworks.sh\"\n";
			showEnvVarsInLog = 0;
		};
		ED7778396A6CF383208553F2 /* [CP] Embed Pods Frameworks */ = {
			isa = PBXShellScriptBuildPhase;
			buildActionMask = 2147483647;
			files = (
			);
			inputPaths = (
			);
			name = "[CP] Embed Pods Frameworks";
			outputPaths = (
			);
			runOnlyForDeploymentPostprocessing = 0;
			shellPath = /bin/sh;
			shellScript = "\"${SRCROOT}/Pods/Target Support Files/Pods-sparechangeUITests/Pods-sparechangeUITests-frameworks.sh\"\n";
			showEnvVarsInLog = 0;
		};
/* End PBXShellScriptBuildPhase section */

/* Begin PBXSourcesBuildPhase section */
		F2CE9F731FC250DB0078B88F /* Sources */ = {
			isa = PBXSourcesBuildPhase;
			buildActionMask = 2147483647;
			files = (
				F2F4551F1FCF4482004BA33D /* LoginViewController.swift in Sources */,
				F20D4CE21FD327DC000644A9 /* CharitiesTableViewController.swift in Sources */,
				F2CE9FB81FC256FF0078B88F /* UIHelpers.swift in Sources */,
				F20D4CE81FD32B41000644A9 /* Post.swift in Sources */,
				F2CE9F7D1FC250DB0078B88F /* ViewController.swift in Sources */,
				F20D4CE41FD32987000644A9 /* Charity.swift in Sources */,
				F26531571FD4D84B00834A88 /* DonationsViewController.swift in Sources */,
				F2DD4B661FD47D9C00B17ED1 /* ProfileViewController.swift in Sources */,
				F27E85461FCF8F380017A74F /* RegisterNewViewController.swift in Sources */,
				F20D4CEA1FD32B4C000644A9 /* PostHeaderCell.swift in Sources */,
				F2CE9F7B1FC250DB0078B88F /* AppDelegate.swift in Sources */,
				F20D4CEC1FD32B88000644A9 /* PostCell.swift in Sources */,
			);
			runOnlyForDeploymentPostprocessing = 0;
		};
		F2CE9F871FC250DB0078B88F /* Sources */ = {
			isa = PBXSourcesBuildPhase;
			buildActionMask = 2147483647;
			files = (
				F2CE9F901FC250DB0078B88F /* sparechangeTests.swift in Sources */,
			);
			runOnlyForDeploymentPostprocessing = 0;
		};
		F2CE9F921FC250DB0078B88F /* Sources */ = {
			isa = PBXSourcesBuildPhase;
			buildActionMask = 2147483647;
			files = (
				F2CE9F9B1FC250DB0078B88F /* sparechangeUITests.swift in Sources */,
			);
			runOnlyForDeploymentPostprocessing = 0;
		};
/* End PBXSourcesBuildPhase section */

/* Begin PBXTargetDependency section */
		F2CE9F8D1FC250DB0078B88F /* PBXTargetDependency */ = {
			isa = PBXTargetDependency;
			target = F2CE9F761FC250DB0078B88F /* sparechange */;
			targetProxy = F2CE9F8C1FC250DB0078B88F /* PBXContainerItemProxy */;
		};
		F2CE9F981FC250DB0078B88F /* PBXTargetDependency */ = {
			isa = PBXTargetDependency;
			target = F2CE9F761FC250DB0078B88F /* sparechange */;
			targetProxy = F2CE9F971FC250DB0078B88F /* PBXContainerItemProxy */;
		};
/* End PBXTargetDependency section */

/* Begin XCBuildConfiguration section */
		F2CE9F9D1FC250DB0078B88F /* Debug */ = {
			isa = XCBuildConfiguration;
			buildSettings = {
				ALWAYS_SEARCH_USER_PATHS = NO;
				CLANG_ANALYZER_NONNULL = YES;
				CLANG_ANALYZER_NUMBER_OBJECT_CONVERSION = YES_AGGRESSIVE;
				CLANG_CXX_LANGUAGE_STANDARD = "gnu++14";
				CLANG_CXX_LIBRARY = "libc++";
				CLANG_ENABLE_MODULES = YES;
				CLANG_ENABLE_OBJC_ARC = YES;
				CLANG_WARN_BLOCK_CAPTURE_AUTORELEASING = YES;
				CLANG_WARN_BOOL_CONVERSION = YES;
				CLANG_WARN_COMMA = YES;
				CLANG_WARN_CONSTANT_CONVERSION = YES;
				CLANG_WARN_DIRECT_OBJC_ISA_USAGE = YES_ERROR;
				CLANG_WARN_DOCUMENTATION_COMMENTS = YES;
				CLANG_WARN_EMPTY_BODY = YES;
				CLANG_WARN_ENUM_CONVERSION = YES;
				CLANG_WARN_INFINITE_RECURSION = YES;
				CLANG_WARN_INT_CONVERSION = YES;
				CLANG_WARN_NON_LITERAL_NULL_CONVERSION = YES;
				CLANG_WARN_OBJC_LITERAL_CONVERSION = YES;
				CLANG_WARN_OBJC_ROOT_CLASS = YES_ERROR;
				CLANG_WARN_RANGE_LOOP_ANALYSIS = YES;
				CLANG_WARN_STRICT_PROTOTYPES = YES;
				CLANG_WARN_SUSPICIOUS_MOVE = YES;
				CLANG_WARN_UNGUARDED_AVAILABILITY = YES_AGGRESSIVE;
				CLANG_WARN_UNREACHABLE_CODE = YES;
				CLANG_WARN__DUPLICATE_METHOD_MATCH = YES;
				CODE_SIGN_IDENTITY = "iPhone Developer";
				COPY_PHASE_STRIP = NO;
				DEBUG_INFORMATION_FORMAT = dwarf;
				ENABLE_STRICT_OBJC_MSGSEND = YES;
				ENABLE_TESTABILITY = YES;
				GCC_C_LANGUAGE_STANDARD = gnu11;
				GCC_DYNAMIC_NO_PIC = NO;
				GCC_NO_COMMON_BLOCKS = YES;
				GCC_OPTIMIZATION_LEVEL = 0;
				GCC_PREPROCESSOR_DEFINITIONS = (
					"DEBUG=1",
					"$(inherited)",
				);
				GCC_WARN_64_TO_32_BIT_CONVERSION = YES;
				GCC_WARN_ABOUT_RETURN_TYPE = YES_ERROR;
				GCC_WARN_UNDECLARED_SELECTOR = YES;
				GCC_WARN_UNINITIALIZED_AUTOS = YES_AGGRESSIVE;
				GCC_WARN_UNUSED_FUNCTION = YES;
				GCC_WARN_UNUSED_VARIABLE = YES;
				IPHONEOS_DEPLOYMENT_TARGET = 11.1;
				MTL_ENABLE_DEBUG_INFO = YES;
				ONLY_ACTIVE_ARCH = YES;
				SDKROOT = iphoneos;
				SWIFT_ACTIVE_COMPILATION_CONDITIONS = DEBUG;
				SWIFT_OPTIMIZATION_LEVEL = "-Onone";
			};
			name = Debug;
		};
		F2CE9F9E1FC250DB0078B88F /* Release */ = {
			isa = XCBuildConfiguration;
			buildSettings = {
				ALWAYS_SEARCH_USER_PATHS = NO;
				CLANG_ANALYZER_NONNULL = YES;
				CLANG_ANALYZER_NUMBER_OBJECT_CONVERSION = YES_AGGRESSIVE;
				CLANG_CXX_LANGUAGE_STANDARD = "gnu++14";
				CLANG_CXX_LIBRARY = "libc++";
				CLANG_ENABLE_MODULES = YES;
				CLANG_ENABLE_OBJC_ARC = YES;
				CLANG_WARN_BLOCK_CAPTURE_AUTORELEASING = YES;
				CLANG_WARN_BOOL_CONVERSION = YES;
				CLANG_WARN_COMMA = YES;
				CLANG_WARN_CONSTANT_CONVERSION = YES;
				CLANG_WARN_DIRECT_OBJC_ISA_USAGE = YES_ERROR;
				CLANG_WARN_DOCUMENTATION_COMMENTS = YES;
				CLANG_WARN_EMPTY_BODY = YES;
				CLANG_WARN_ENUM_CONVERSION = YES;
				CLANG_WARN_INFINITE_RECURSION = YES;
				CLANG_WARN_INT_CONVERSION = YES;
				CLANG_WARN_NON_LITERAL_NULL_CONVERSION = YES;
				CLANG_WARN_OBJC_LITERAL_CONVERSION = YES;
				CLANG_WARN_OBJC_ROOT_CLASS = YES_ERROR;
				CLANG_WARN_RANGE_LOOP_ANALYSIS = YES;
				CLANG_WARN_STRICT_PROTOTYPES = YES;
				CLANG_WARN_SUSPICIOUS_MOVE = YES;
				CLANG_WARN_UNGUARDED_AVAILABILITY = YES_AGGRESSIVE;
				CLANG_WARN_UNREACHABLE_CODE = YES;
				CLANG_WARN__DUPLICATE_METHOD_MATCH = YES;
				CODE_SIGN_IDENTITY = "iPhone Developer";
				COPY_PHASE_STRIP = NO;
				DEBUG_INFORMATION_FORMAT = "dwarf-with-dsym";
				ENABLE_NS_ASSERTIONS = NO;
				ENABLE_STRICT_OBJC_MSGSEND = YES;
				GCC_C_LANGUAGE_STANDARD = gnu11;
				GCC_NO_COMMON_BLOCKS = YES;
				GCC_WARN_64_TO_32_BIT_CONVERSION = YES;
				GCC_WARN_ABOUT_RETURN_TYPE = YES_ERROR;
				GCC_WARN_UNDECLARED_SELECTOR = YES;
				GCC_WARN_UNINITIALIZED_AUTOS = YES_AGGRESSIVE;
				GCC_WARN_UNUSED_FUNCTION = YES;
				GCC_WARN_UNUSED_VARIABLE = YES;
				IPHONEOS_DEPLOYMENT_TARGET = 11.1;
				MTL_ENABLE_DEBUG_INFO = NO;
				SDKROOT = iphoneos;
				SWIFT_OPTIMIZATION_LEVEL = "-Owholemodule";
				VALIDATE_PRODUCT = YES;
			};
			name = Release;
		};
		F2CE9FA01FC250DB0078B88F /* Debug */ = {
			isa = XCBuildConfiguration;
			baseConfigurationReference = 428C194B8C5C9AFF3B42D5F8 /* Pods-sparechange.debug.xcconfig */;
			buildSettings = {
				ASSETCATALOG_COMPILER_APPICON_NAME = AppIcon;
				CLANG_ENABLE_MODULES = YES;
				CODE_SIGN_STYLE = Automatic;
				DEVELOPMENT_TEAM = Q5GER5EN5K;
				INFOPLIST_FILE = sparechange/Info.plist;
				LD_RUNPATH_SEARCH_PATHS = "$(inherited) @executable_path/Frameworks $(SRCROOT)";
				PRODUCT_BUNDLE_IDENTIFIER = com.charangeles.sparechange;
				PRODUCT_NAME = "$(TARGET_NAME)";
				SWIFT_OPTIMIZATION_LEVEL = "-Onone";
				SWIFT_VERSION = 4.0;
				TARGETED_DEVICE_FAMILY = "1,2";
			};
			name = Debug;
		};
		F2CE9FA11FC250DB0078B88F /* Release */ = {
			isa = XCBuildConfiguration;
			baseConfigurationReference = 9A8F22CA13073CEE7E704245 /* Pods-sparechange.release.xcconfig */;
			buildSettings = {
				ASSETCATALOG_COMPILER_APPICON_NAME = AppIcon;
				CLANG_ENABLE_MODULES = YES;
				CODE_SIGN_STYLE = Automatic;
				DEVELOPMENT_TEAM = Q5GER5EN5K;
				INFOPLIST_FILE = sparechange/Info.plist;
				LD_RUNPATH_SEARCH_PATHS = "$(inherited) @executable_path/Frameworks $(SRCROOT)";
				PRODUCT_BUNDLE_IDENTIFIER = com.charangeles.sparechange;
				PRODUCT_NAME = "$(TARGET_NAME)";
				SWIFT_VERSION = 4.0;
				TARGETED_DEVICE_FAMILY = "1,2";
			};
			name = Release;
		};
		F2CE9FA31FC250DB0078B88F /* Debug */ = {
			isa = XCBuildConfiguration;
			baseConfigurationReference = B09319209AD43899223BDC93 /* Pods-sparechangeTests.debug.xcconfig */;
			buildSettings = {
				ALWAYS_EMBED_SWIFT_STANDARD_LIBRARIES = YES;
				BUNDLE_LOADER = "$(TEST_HOST)";
				CODE_SIGN_STYLE = Automatic;
				DEVELOPMENT_TEAM = Q5GER5EN5K;
				INFOPLIST_FILE = sparechangeTests/Info.plist;
				LD_RUNPATH_SEARCH_PATHS = "$(inherited) @executable_path/Frameworks @loader_path/Frameworks";
				PRODUCT_BUNDLE_IDENTIFIER = com.charangeles.sparechangeTests;
				PRODUCT_NAME = "$(TARGET_NAME)";
				SWIFT_VERSION = 4.0;
				TARGETED_DEVICE_FAMILY = "1,2";
				TEST_HOST = "$(BUILT_PRODUCTS_DIR)/sparechange.app/sparechange";
			};
			name = Debug;
		};
		F2CE9FA41FC250DB0078B88F /* Release */ = {
			isa = XCBuildConfiguration;
			baseConfigurationReference = D27F01A125432DF20834A8DA /* Pods-sparechangeTests.release.xcconfig */;
			buildSettings = {
				ALWAYS_EMBED_SWIFT_STANDARD_LIBRARIES = YES;
				BUNDLE_LOADER = "$(TEST_HOST)";
				CODE_SIGN_STYLE = Automatic;
				DEVELOPMENT_TEAM = Q5GER5EN5K;
				INFOPLIST_FILE = sparechangeTests/Info.plist;
				LD_RUNPATH_SEARCH_PATHS = "$(inherited) @executable_path/Frameworks @loader_path/Frameworks";
				PRODUCT_BUNDLE_IDENTIFIER = com.charangeles.sparechangeTests;
				PRODUCT_NAME = "$(TARGET_NAME)";
				SWIFT_VERSION = 4.0;
				TARGETED_DEVICE_FAMILY = "1,2";
				TEST_HOST = "$(BUILT_PRODUCTS_DIR)/sparechange.app/sparechange";
			};
			name = Release;
		};
		F2CE9FA61FC250DB0078B88F /* Debug */ = {
			isa = XCBuildConfiguration;
			baseConfigurationReference = 451FE24B2EE35BA2A90F8513 /* Pods-sparechangeUITests.debug.xcconfig */;
			buildSettings = {
				ALWAYS_EMBED_SWIFT_STANDARD_LIBRARIES = YES;
				CODE_SIGN_STYLE = Automatic;
				DEVELOPMENT_TEAM = Q5GER5EN5K;
				INFOPLIST_FILE = sparechangeUITests/Info.plist;
				LD_RUNPATH_SEARCH_PATHS = "$(inherited) @executable_path/Frameworks @loader_path/Frameworks";
				PRODUCT_BUNDLE_IDENTIFIER = com.charangeles.sparechangeUITests;
				PRODUCT_NAME = "$(TARGET_NAME)";
				SWIFT_VERSION = 4.0;
				TARGETED_DEVICE_FAMILY = "1,2";
				TEST_TARGET_NAME = sparechange;
			};
			name = Debug;
		};
		F2CE9FA71FC250DB0078B88F /* Release */ = {
			isa = XCBuildConfiguration;
			baseConfigurationReference = 7A08EE34ACDDD3B0C533BE34 /* Pods-sparechangeUITests.release.xcconfig */;
			buildSettings = {
				ALWAYS_EMBED_SWIFT_STANDARD_LIBRARIES = YES;
				CODE_SIGN_STYLE = Automatic;
				DEVELOPMENT_TEAM = Q5GER5EN5K;
				INFOPLIST_FILE = sparechangeUITests/Info.plist;
				LD_RUNPATH_SEARCH_PATHS = "$(inherited) @executable_path/Frameworks @loader_path/Frameworks";
				PRODUCT_BUNDLE_IDENTIFIER = com.charangeles.sparechangeUITests;
				PRODUCT_NAME = "$(TARGET_NAME)";
				SWIFT_VERSION = 4.0;
				TARGETED_DEVICE_FAMILY = "1,2";
				TEST_TARGET_NAME = sparechange;
			};
			name = Release;
		};
/* End XCBuildConfiguration section */

/* Begin XCConfigurationList section */
		F2CE9F721FC250DB0078B88F /* Build configuration list for PBXProject "sparechange" */ = {
			isa = XCConfigurationList;
			buildConfigurations = (
				F2CE9F9D1FC250DB0078B88F /* Debug */,
				F2CE9F9E1FC250DB0078B88F /* Release */,
			);
			defaultConfigurationIsVisible = 0;
			defaultConfigurationName = Release;
		};
		F2CE9F9F1FC250DB0078B88F /* Build configuration list for PBXNativeTarget "sparechange" */ = {
			isa = XCConfigurationList;
			buildConfigurations = (
				F2CE9FA01FC250DB0078B88F /* Debug */,
				F2CE9FA11FC250DB0078B88F /* Release */,
			);
			defaultConfigurationIsVisible = 0;
			defaultConfigurationName = Release;
		};
		F2CE9FA21FC250DB0078B88F /* Build configuration list for PBXNativeTarget "sparechangeTests" */ = {
			isa = XCConfigurationList;
			buildConfigurations = (
				F2CE9FA31FC250DB0078B88F /* Debug */,
				F2CE9FA41FC250DB0078B88F /* Release */,
			);
			defaultConfigurationIsVisible = 0;
			defaultConfigurationName = Release;
		};
		F2CE9FA51FC250DB0078B88F /* Build configuration list for PBXNativeTarget "sparechangeUITests" */ = {
			isa = XCConfigurationList;
			buildConfigurations = (
				F2CE9FA61FC250DB0078B88F /* Debug */,
				F2CE9FA71FC250DB0078B88F /* Release */,
			);
			defaultConfigurationIsVisible = 0;
			defaultConfigurationName = Release;
		};
/* End XCConfigurationList section */
	};
	rootObject = F2CE9F6F1FC250DB0078B88F /* Project object */;
}
